Microsoft Visual Studio Solution File, Format Version 12.00
# Visual Studio 2012
Project("{FAE04EC0-301F-11D3-BF4B-00C04F79EFBC}") = "hyped-space-invaders", "hyped-space-invaders.csproj", "{0D9A25DA-CCB3-484D-9F5C-46BBD690405D}"
EndProject
Global
	GlobalSection(SolutionConfigurationPlatforms) = preSolution
	Debug|Any CPU = Debug|Any CPU
	ExportDebug|Any CPU = ExportDebug|Any CPU
	ExportRelease|Any CPU = ExportRelease|Any CPU
	EndGlobalSection
	GlobalSection(ProjectConfigurationPlatforms) = postSolution
		{0D9A25DA-CCB3-484D-9F5C-46BBD690405D}.Debug|Any CPU.ActiveCfg = Debug|Any CPU
		{0D9A25DA-CCB3-484D-9F5C-46BBD690405D}.Debug|Any CPU.Build.0 = Debug|Any CPU
		{0D9A25DA-CCB3-484D-9F5C-46BBD690405D}.ExportDebug|Any CPU.ActiveCfg = ExportDebug|Any CPU
		{0D9A25DA-CCB3-484D-9F5C-46BBD690405D}.ExportDebug|Any CPU.Build.0 = ExportDebug|Any CPU
		{0D9A25DA-CCB3-484D-9F5C-46BBD690405D}.ExportRelease|Any CPU.ActiveCfg = ExportRelease|Any CPU
		{0D9A25DA-CCB3-484D-9F5C-46BBD690405D}.ExportRelease|Any CPU.Build.0 = ExportRelease|Any CPU
	EndGlobalSection
EndGlobal
